{
  "nodes": {
    "flake-parts": {
      "inputs": {
        "nixpkgs-lib": [
          "nixpkgs"
        ]
      },
      "locked": {
        "lastModified": 1698882062,
        "narHash": "sha256-HkhafUayIqxXyHH1X8d9RDl1M2CkFgZLjKD3MzabiEo=",
        "owner": "hercules-ci",
        "repo": "flake-parts",
        "rev": "8c9fa2545007b49a5db5f650ae91f227672c3877",
        "type": "github"
      },
      "original": {
        "owner": "hercules-ci",
        "repo": "flake-parts",
        "type": "github"
      }
    },
    "floco": {
      "inputs": {
        "nixpkgs": [
          "nixpkgs"
        ]
      },
      "locked": {
        "lastModified": 1694873346,
        "narHash": "sha256-Uvh03bg0a6ZnNWiX1Gb8g+m343wSJ/wb8ryUASt0loc=",
        "owner": "aakropotkin",
        "repo": "floco",
        "rev": "d16bd444ab9d29a6640f52ee4e43a66528e07515",
        "type": "github"
      },
      "original": {
        "owner": "aakropotkin",
        "repo": "floco",
        "type": "github"
      }
    },
    "nixpkgs": {
      "locked": {
        "lastModified": 1700390070,
        "narHash": "sha256-de9KYi8rSJpqvBfNwscWdalIJXPo8NjdIZcEJum1mH0=",
        "owner": "nixos",
        "repo": "nixpkgs",
        "rev": "e4ad989506ec7d71f7302cc3067abd82730a4beb",
        "type": "github"
      },
      "original": {
        "owner": "nixos",
        "ref": "nixos-unstable",
        "repo": "nixpkgs",
        "type": "github"
      }
    },
    "nixpkgs-for-iosl": {
      "locked": {
        "lastModified": 1700515317,
        "narHash": "sha256-DSnKT3glZCKE0/Rc6ainSJUbUGC248HNKVRSbo9kxkM=",
        "owner": "Luis-Hebendanz",
        "repo": "nixpkgs",
        "rev": "bcd6be7a5ab22c94c775945fb16a61b5867f15d2",
        "type": "github"
      },
      "original": {
        "owner": "Luis-Hebendanz",
        "ref": "iosl",
        "repo": "nixpkgs",
        "type": "github"
      }
    },
    "root": {
      "inputs": {
        "flake-parts": "flake-parts",
        "floco": "floco",
        "nixpkgs": "nixpkgs",
        "nixpkgs-for-iosl": "nixpkgs-for-iosl",
        "treefmt-nix": "treefmt-nix"
      }
    },
    "treefmt-nix": {
      "inputs": {
        "nixpkgs": [
          "nixpkgs"
        ]
      },
      "locked": {
        "lastModified": 1699786194,
        "narHash": "sha256-3h3EH1FXQkIeAuzaWB+nK0XK54uSD46pp+dMD3gAcB4=",
        "owner": "numtide",
        "repo": "treefmt-nix",
        "rev": "e82f32aa7f06bbbd56d7b12186d555223dc399d1",
        "type": "github"
      },
      "original": {
        "owner": "numtide",
        "repo": "treefmt-nix",
        "type": "github"
      }
    }
  },
  "root": "root",
  "version": 7
}
